
Microsoft Visual Studio Solution File, Format Version 12.00
# Visual Studio Version 17
VisualStudioVersion = 17.6.33712.159
MinimumVisualStudioVersion = 10.0.40219.1
Project("{8BC9CEB8-8B4A-11D0-8D11-00A0C91BC942}") = "vcruntime.msvcrt", "vcruntime.msvcrt\vcruntime.msvcrt.vcxproj", "{2D2789F9-1A04-4E94-8386-E5B2C8C93354}"
EndProject
Project("{8BC9CEB8-8B4A-11D0-8D11-00A0C91BC942}") = "ucrtbase.msvcrt", "ucrtbase.msvcrt\ucrtbase.msvcrt.vcxproj", "{089D1C58-7669-4916-B1A2-7BBF6EA236B4}"
EndProject
Project("{2150E333-8FDC-42A3-9474-1A3956D46DE8}") = "vcruntime", "vcruntime", "{474A0767-C2EC-4543-8139-F0AA7A40002F}"
EndProject
Project("{2150E333-8FDC-42A3-9474-1A3956D46DE8}") = "ucrtbase", "ucrtbase", "{8709E69F-7A62-4635-BA7A-6985C7EE7024}"
EndProject
Project("{2150E333-8FDC-42A3-9474-1A3956D46DE8}") = "vccorlib", "vccorlib", "{1E1BC222-F62B-4335-BF98-27AD1AFB75FD}"
EndProject
Project("{8BC9CEB8-8B4A-11D0-8D11-00A0C91BC942}") = "vccorlib.wincorlib", "vccorlib.wincorlib\vccorlib.wincorlib.vcxproj", "{81CACACB-0A7B-4392-BAA7-B1C18B71A80C}"
EndProject
Project("{8BC9CEB8-8B4A-11D0-8D11-00A0C91BC942}") = "UnitTest", "UnitTest\UnitTest.vcxproj", "{A772FE5B-F91F-405F-A54C-BB12334A3C94}"
EndProject
Project("{8BC9CEB8-8B4A-11D0-8D11-00A0C91BC942}") = "ucrtbase.ucrtbase", "ucrtbase.ucrtbase\ucrtbase.ucrtbase.vcxproj", "{2A7AF6B9-03FD-4586-AC60-F9EDDF05DB4E}"
EndProject
Project("{8BC9CEB8-8B4A-11D0-8D11-00A0C91BC942}") = "vcruntime.ucrtbase", "vcruntime.ucrtbase\vcruntime.ucrtbase.vcxproj", "{FEC996ED-01E9-4258-862F-58BF3AEFA893}"
EndProject
Global
	GlobalSection(SolutionConfigurationPlatforms) = preSolution
		DDynamic|ARM = DDynamic|ARM
		DDynamic|ARM64 = DDynamic|ARM64
		DDynamic|x64 = DDynamic|x64
		DDynamic|x86 = DDynamic|x86
		DStatic|ARM = DStatic|ARM
		DStatic|ARM64 = DStatic|ARM64
		DStatic|x64 = DStatic|x64
		DStatic|x86 = DStatic|x86
		Dynamic|ARM = Dynamic|ARM
		Dynamic|ARM64 = Dynamic|ARM64
		Dynamic|x64 = Dynamic|x64
		Dynamic|x86 = Dynamic|x86
		Static|ARM = Static|ARM
		Static|ARM64 = Static|ARM64
		Static|x64 = Static|x64
		Static|x86 = Static|x86
	EndGlobalSection
	GlobalSection(ProjectConfigurationPlatforms) = postSolution
		{2D2789F9-1A04-4E94-8386-E5B2C8C93354}.DDynamic|ARM.ActiveCfg = Dynamic|ARM
		{2D2789F9-1A04-4E94-8386-E5B2C8C93354}.DDynamic|ARM.Build.0 = Dynamic|ARM
		{2D2789F9-1A04-4E94-8386-E5B2C8C93354}.DDynamic|ARM64.ActiveCfg = Static|Win32
		{2D2789F9-1A04-4E94-8386-E5B2C8C93354}.DDynamic|ARM64.Build.0 = Static|Win32
		{2D2789F9-1A04-4E94-8386-E5B2C8C93354}.DDynamic|x64.ActiveCfg = Dynamic|x64
		{2D2789F9-1A04-4E94-8386-E5B2C8C93354}.DDynamic|x64.Build.0 = Dynamic|x64
		{2D2789F9-1A04-4E94-8386-E5B2C8C93354}.DDynamic|x86.ActiveCfg = DDynamic|Win32
		{2D2789F9-1A04-4E94-8386-E5B2C8C93354}.DDynamic|x86.Build.0 = DDynamic|Win32
		{2D2789F9-1A04-4E94-8386-E5B2C8C93354}.DStatic|ARM.ActiveCfg = Static|ARM
		{2D2789F9-1A04-4E94-8386-E5B2C8C93354}.DStatic|ARM.Build.0 = Static|ARM
		{2D2789F9-1A04-4E94-8386-E5B2C8C93354}.DStatic|ARM64.ActiveCfg = Static|ARM
		{2D2789F9-1A04-4E94-8386-E5B2C8C93354}.DStatic|ARM64.Build.0 = Static|ARM
		{2D2789F9-1A04-4E94-8386-E5B2C8C93354}.DStatic|x64.ActiveCfg = Static|x64
		{2D2789F9-1A04-4E94-8386-E5B2C8C93354}.DStatic|x64.Build.0 = Static|x64
		{2D2789F9-1A04-4E94-8386-E5B2C8C93354}.DStatic|x86.ActiveCfg = DStatic|Win32
		{2D2789F9-1A04-4E94-8386-E5B2C8C93354}.DStatic|x86.Build.0 = DStatic|Win32
		{2D2789F9-1A04-4E94-8386-E5B2C8C93354}.Dynamic|ARM.ActiveCfg = Dynamic|ARM
		{2D2789F9-1A04-4E94-8386-E5B2C8C93354}.Dynamic|ARM.Build.0 = Dynamic|ARM
		{2D2789F9-1A04-4E94-8386-E5B2C8C93354}.Dynamic|ARM64.ActiveCfg = Dynamic|Win32
		{2D2789F9-1A04-4E94-8386-E5B2C8C93354}.Dynamic|x64.ActiveCfg = Dynamic|x64
		{2D2789F9-1A04-4E94-8386-E5B2C8C93354}.Dynamic|x64.Build.0 = Dynamic|x64
		{2D2789F9-1A04-4E94-8386-E5B2C8C93354}.Dynamic|x86.ActiveCfg = Dynamic|Win32
		{2D2789F9-1A04-4E94-8386-E5B2C8C93354}.Dynamic|x86.Build.0 = Dynamic|Win32
		{2D2789F9-1A04-4E94-8386-E5B2C8C93354}.Static|ARM.ActiveCfg = Static|ARM
		{2D2789F9-1A04-4E94-8386-E5B2C8C93354}.Static|ARM.Build.0 = Static|ARM
		{2D2789F9-1A04-4E94-8386-E5B2C8C93354}.Static|ARM64.ActiveCfg = Static|Win32
		{2D2789F9-1A04-4E94-8386-E5B2C8C93354}.Static|x64.ActiveCfg = Static|x64
		{2D2789F9-1A04-4E94-8386-E5B2C8C93354}.Static|x64.Build.0 = Static|x64
		{2D2789F9-1A04-4E94-8386-E5B2C8C93354}.Static|x86.ActiveCfg = DDynamic|Win32
		{2D2789F9-1A04-4E94-8386-E5B2C8C93354}.Static|x86.Build.0 = DDynamic|Win32
		{089D1C58-7669-4916-B1A2-7BBF6EA236B4}.DDynamic|ARM.ActiveCfg = Dynamic|ARM
		{089D1C58-7669-4916-B1A2-7BBF6EA236B4}.DDynamic|ARM.Build.0 = Dynamic|ARM
		{089D1C58-7669-4916-B1A2-7BBF6EA236B4}.DDynamic|ARM64.ActiveCfg = Static|x64
		{089D1C58-7669-4916-B1A2-7BBF6EA236B4}.DDynamic|ARM64.Build.0 = Static|x64
		{089D1C58-7669-4916-B1A2-7BBF6EA236B4}.DDynamic|x64.ActiveCfg = Dynamic|x64
		{089D1C58-7669-4916-B1A2-7BBF6EA236B4}.DDynamic|x64.Build.0 = Dynamic|x64
		{089D1C58-7669-4916-B1A2-7BBF6EA236B4}.DDynamic|x86.ActiveCfg = DStatic|Win32
		{089D1C58-7669-4916-B1A2-7BBF6EA236B4}.DDynamic|x86.Build.0 = DStatic|Win32
		{089D1C58-7669-4916-B1A2-7BBF6EA236B4}.DStatic|ARM.ActiveCfg = Static|ARM
		{089D1C58-7669-4916-B1A2-7BBF6EA236B4}.DStatic|ARM.Build.0 = Static|ARM
		{089D1C58-7669-4916-B1A2-7BBF6EA236B4}.DStatic|ARM64.ActiveCfg = Static|ARM
		{089D1C58-7669-4916-B1A2-7BBF6EA236B4}.DStatic|ARM64.Build.0 = Static|ARM
		{089D1C58-7669-4916-B1A2-7BBF6EA236B4}.DStatic|x64.ActiveCfg = Static|x64
		{089D1C58-7669-4916-B1A2-7BBF6EA236B4}.DStatic|x64.Build.0 = Static|x64
		{089D1C58-7669-4916-B1A2-7BBF6EA236B4}.DStatic|x86.ActiveCfg = DStatic|Win32
		{089D1C58-7669-4916-B1A2-7BBF6EA236B4}.DStatic|x86.Build.0 = DStatic|Win32
		{089D1C58-7669-4916-B1A2-7BBF6EA236B4}.Dynamic|ARM.ActiveCfg = Dynamic|ARM
		{089D1C58-7669-4916-B1A2-7BBF6EA236B4}.Dynamic|ARM.Build.0 = Dynamic|ARM
		{089D1C58-7669-4916-B1A2-7BBF6EA236B4}.Dynamic|ARM64.ActiveCfg = Dynamic|Win32
		{089D1C58-7669-4916-B1A2-7BBF6EA236B4}.Dynamic|x64.ActiveCfg = Dynamic|x64
		{089D1C58-7669-4916-B1A2-7BBF6EA236B4}.Dynamic|x64.Build.0 = Dynamic|x64
		{089D1C58-7669-4916-B1A2-7BBF6EA236B4}.Dynamic|x86.ActiveCfg = Dynamic|Win32
		{089D1C58-7669-4916-B1A2-7BBF6EA236B4}.Dynamic|x86.Build.0 = Dynamic|Win32
		{089D1C58-7669-4916-B1A2-7BBF6EA236B4}.Static|ARM.ActiveCfg = Static|ARM
		{089D1C58-7669-4916-B1A2-7BBF6EA236B4}.Static|ARM.Build.0 = Static|ARM
		{089D1C58-7669-4916-B1A2-7BBF6EA236B4}.Static|ARM64.ActiveCfg = Static|Win32
		{089D1C58-7669-4916-B1A2-7BBF6EA236B4}.Static|x64.ActiveCfg = Static|x64
		{089D1C58-7669-4916-B1A2-7BBF6EA236B4}.Static|x64.Build.0 = Static|x64
		{089D1C58-7669-4916-B1A2-7BBF6EA236B4}.Static|x86.ActiveCfg = DDynamic|Win32
		{089D1C58-7669-4916-B1A2-7BBF6EA236B4}.Static|x86.Build.0 = DDynamic|Win32
		{81CACACB-0A7B-4392-BAA7-B1C18B71A80C}.DDynamic|ARM.ActiveCfg = Dynamic|ARM
		{81CACACB-0A7B-4392-BAA7-B1C18B71A80C}.DDynamic|ARM.Build.0 = Dynamic|ARM
		{81CACACB-0A7B-4392-BAA7-B1C18B71A80C}.DDynamic|ARM64.ActiveCfg = Dynamic|ARM64
		{81CACACB-0A7B-4392-BAA7-B1C18B71A80C}.DDynamic|ARM64.Build.0 = Dynamic|ARM64
		{81CACACB-0A7B-4392-BAA7-B1C18B71A80C}.DDynamic|x64.ActiveCfg = Dynamic|x64
		{81CACACB-0A7B-4392-BAA7-B1C18B71A80C}.DDynamic|x64.Build.0 = Dynamic|x64
		{81CACACB-0A7B-4392-BAA7-B1C18B71A80C}.DDynamic|x86.ActiveCfg = Dynamic|Win32
		{81CACACB-0A7B-4392-BAA7-B1C18B71A80C}.DDynamic|x86.Build.0 = Dynamic|Win32
		{81CACACB-0A7B-4392-BAA7-B1C18B71A80C}.DStatic|ARM.ActiveCfg = Dynamic|ARM
		{81CACACB-0A7B-4392-BAA7-B1C18B71A80C}.DStatic|ARM.Build.0 = Dynamic|ARM
		{81CACACB-0A7B-4392-BAA7-B1C18B71A80C}.DStatic|ARM64.ActiveCfg = Dynamic|ARM64
		{81CACACB-0A7B-4392-BAA7-B1C18B71A80C}.DStatic|ARM64.Build.0 = Dynamic|ARM64
		{81CACACB-0A7B-4392-BAA7-B1C18B71A80C}.DStatic|x64.ActiveCfg = Dynamic|x64
		{81CACACB-0A7B-4392-BAA7-B1C18B71A80C}.DStatic|x64.Build.0 = Dynamic|x64
		{81CACACB-0A7B-4392-BAA7-B1C18B71A80C}.DStatic|x86.ActiveCfg = Dynamic|Win32
		{81CACACB-0A7B-4392-BAA7-B1C18B71A80C}.DStatic|x86.Build.0 = Dynamic|Win32
		{81CACACB-0A7B-4392-BAA7-B1C18B71A80C}.Dynamic|ARM.ActiveCfg = Dynamic|ARM
		{81CACACB-0A7B-4392-BAA7-B1C18B71A80C}.Dynamic|ARM.Build.0 = Dynamic|ARM
		{81CACACB-0A7B-4392-BAA7-B1C18B71A80C}.Dynamic|ARM64.ActiveCfg = Dynamic|ARM64
		{81CACACB-0A7B-4392-BAA7-B1C18B71A80C}.Dynamic|ARM64.Build.0 = Dynamic|ARM64
		{81CACACB-0A7B-4392-BAA7-B1C18B71A80C}.Dynamic|x64.ActiveCfg = Dynamic|x64
		{81CACACB-0A7B-4392-BAA7-B1C18B71A80C}.Dynamic|x64.Build.0 = Dynamic|x64
		{81CACACB-0A7B-4392-BAA7-B1C18B71A80C}.Dynamic|x86.ActiveCfg = Dynamic|Win32
		{81CACACB-0A7B-4392-BAA7-B1C18B71A80C}.Dynamic|x86.Build.0 = Dynamic|Win32
		{81CACACB-0A7B-4392-BAA7-B1C18B71A80C}.Static|ARM.ActiveCfg = Dynamic|ARM
		{81CACACB-0A7B-4392-BAA7-B1C18B71A80C}.Static|ARM.Build.0 = Dynamic|ARM
		{81CACACB-0A7B-4392-BAA7-B1C18B71A80C}.Static|ARM64.ActiveCfg = Dynamic|ARM64
		{81CACACB-0A7B-4392-BAA7-B1C18B71A80C}.Static|ARM64.Build.0 = Dynamic|ARM64
		{81CACACB-0A7B-4392-BAA7-B1C18B71A80C}.Static|x64.ActiveCfg = Dynamic|x64
		{81CACACB-0A7B-4392-BAA7-B1C18B71A80C}.Static|x64.Build.0 = Dynamic|x64
		{81CACACB-0A7B-4392-BAA7-B1C18B71A80C}.Static|x86.ActiveCfg = Dynamic|Win32
		{81CACACB-0A7B-4392-BAA7-B1C18B71A80C}.Static|x86.Build.0 = Dynamic|Win32
		{A772FE5B-F91F-405F-A54C-BB12334A3C94}.DDynamic|ARM.ActiveCfg = Static|x64
		{A772FE5B-F91F-405F-A54C-BB12334A3C94}.DDynamic|ARM.Build.0 = Static|x64
		{A772FE5B-F91F-405F-A54C-BB12334A3C94}.DDynamic|ARM64.ActiveCfg = Static|x64
		{A772FE5B-F91F-405F-A54C-BB12334A3C94}.DDynamic|ARM64.Build.0 = Static|x64
		{A772FE5B-F91F-405F-A54C-BB12334A3C94}.DDynamic|x64.ActiveCfg = Static|x64
		{A772FE5B-F91F-405F-A54C-BB12334A3C94}.DDynamic|x64.Build.0 = Static|x64
		{A772FE5B-F91F-405F-A54C-BB12334A3C94}.DDynamic|x86.ActiveCfg = Static|Win32
		{A772FE5B-F91F-405F-A54C-BB12334A3C94}.DDynamic|x86.Build.0 = Static|Win32
		{A772FE5B-F91F-405F-A54C-BB12334A3C94}.DStatic|ARM.ActiveCfg = Static|Win32
		{A772FE5B-F91F-405F-A54C-BB12334A3C94}.DStatic|ARM.Build.0 = Static|Win32
		{A772FE5B-F91F-405F-A54C-BB12334A3C94}.DStatic|ARM64.ActiveCfg = Static|Win32
		{A772FE5B-F91F-405F-A54C-BB12334A3C94}.DStatic|ARM64.Build.0 = Static|Win32
		{A772FE5B-F91F-405F-A54C-BB12334A3C94}.DStatic|x64.ActiveCfg = DStatic|x64
		{A772FE5B-F91F-405F-A54C-BB12334A3C94}.DStatic|x64.Build.0 = DStatic|x64
		{A772FE5B-F91F-405F-A54C-BB12334A3C94}.DStatic|x86.ActiveCfg = DStatic|Win32
		{A772FE5B-F91F-405F-A54C-BB12334A3C94}.DStatic|x86.Build.0 = DStatic|Win32
		{A772FE5B-F91F-405F-A54C-BB12334A3C94}.Dynamic|ARM.ActiveCfg = DStatic|Win32
		{A772FE5B-F91F-405F-A54C-BB12334A3C94}.Dynamic|ARM.Build.0 = DStatic|Win32
		{A772FE5B-F91F-405F-A54C-BB12334A3C94}.Dynamic|ARM64.ActiveCfg = DStatic|Win32
		{A772FE5B-F91F-405F-A54C-BB12334A3C94}.Dynamic|ARM64.Build.0 = DStatic|Win32
		{A772FE5B-F91F-405F-A54C-BB12334A3C94}.Dynamic|x64.ActiveCfg = DStatic|x64
		{A772FE5B-F91F-405F-A54C-BB12334A3C94}.Dynamic|x64.Build.0 = DStatic|x64
		{A772FE5B-F91F-405F-A54C-BB12334A3C94}.Dynamic|x86.ActiveCfg = DStatic|Win32
		{A772FE5B-F91F-405F-A54C-BB12334A3C94}.Dynamic|x86.Build.0 = DStatic|Win32
		{A772FE5B-F91F-405F-A54C-BB12334A3C94}.Static|ARM.ActiveCfg = Static|Win32
		{A772FE5B-F91F-405F-A54C-BB12334A3C94}.Static|ARM.Build.0 = Static|Win32
		{A772FE5B-F91F-405F-A54C-BB12334A3C94}.Static|ARM64.ActiveCfg = Static|Win32
		{A772FE5B-F91F-405F-A54C-BB12334A3C94}.Static|ARM64.Build.0 = Static|Win32
		{A772FE5B-F91F-405F-A54C-BB12334A3C94}.Static|x64.ActiveCfg = Static|x64
		{A772FE5B-F91F-405F-A54C-BB12334A3C94}.Static|x64.Build.0 = Static|x64
		{A772FE5B-F91F-405F-A54C-BB12334A3C94}.Static|x86.ActiveCfg = Static|Win32
		{A772FE5B-F91F-405F-A54C-BB12334A3C94}.Static|x86.Build.0 = Static|Win32
		{2A7AF6B9-03FD-4586-AC60-F9EDDF05DB4E}.DDynamic|ARM.ActiveCfg = Dynamic|ARM
		{2A7AF6B9-03FD-4586-AC60-F9EDDF05DB4E}.DDynamic|ARM.Build.0 = Dynamic|ARM
		{2A7AF6B9-03FD-4586-AC60-F9EDDF05DB4E}.DDynamic|ARM64.ActiveCfg = DDynamic|ARM64
		{2A7AF6B9-03FD-4586-AC60-F9EDDF05DB4E}.DDynamic|ARM64.Build.0 = DDynamic|ARM64
		{2A7AF6B9-03FD-4586-AC60-F9EDDF05DB4E}.DDynamic|x64.ActiveCfg = DDynamic|x64
		{2A7AF6B9-03FD-4586-AC60-F9EDDF05DB4E}.DDynamic|x64.Build.0 = DDynamic|x64
		{2A7AF6B9-03FD-4586-AC60-F9EDDF05DB4E}.DDynamic|x86.ActiveCfg = DDynamic|Win32
		{2A7AF6B9-03FD-4586-AC60-F9EDDF05DB4E}.DDynamic|x86.Build.0 = DDynamic|Win32
		{2A7AF6B9-03FD-4586-AC60-F9EDDF05DB4E}.DStatic|ARM.ActiveCfg = DStatic|ARM
		{2A7AF6B9-03FD-4586-AC60-F9EDDF05DB4E}.DStatic|ARM.Build.0 = DStatic|ARM
		{2A7AF6B9-03FD-4586-AC60-F9EDDF05DB4E}.DStatic|ARM64.ActiveCfg = DStatic|Win32
		{2A7AF6B9-03FD-4586-AC60-F9EDDF05DB4E}.DStatic|x64.ActiveCfg = DStatic|x64
		{2A7AF6B9-03FD-4586-AC60-F9EDDF05DB4E}.DStatic|x64.Build.0 = DStatic|x64
		{2A7AF6B9-03FD-4586-AC60-F9EDDF05DB4E}.DStatic|x86.ActiveCfg = DStatic|Win32
		{2A7AF6B9-03FD-4586-AC60-F9EDDF05DB4E}.DStatic|x86.Build.0 = DStatic|Win32
		{2A7AF6B9-03FD-4586-AC60-F9EDDF05DB4E}.Dynamic|ARM.ActiveCfg = Dynamic|ARM
		{2A7AF6B9-03FD-4586-AC60-F9EDDF05DB4E}.Dynamic|ARM.Build.0 = Dynamic|ARM
		{2A7AF6B9-03FD-4586-AC60-F9EDDF05DB4E}.Dynamic|ARM64.ActiveCfg = Dynamic|Win32
		{2A7AF6B9-03FD-4586-AC60-F9EDDF05DB4E}.Dynamic|x64.ActiveCfg = Dynamic|x64
		{2A7AF6B9-03FD-4586-AC60-F9EDDF05DB4E}.Dynamic|x64.Build.0 = Dynamic|x64
		{2A7AF6B9-03FD-4586-AC60-F9EDDF05DB4E}.Dynamic|x86.ActiveCfg = Dynamic|Win32
		{2A7AF6B9-03FD-4586-AC60-F9EDDF05DB4E}.Dynamic|x86.Build.0 = Dynamic|Win32
		{2A7AF6B9-03FD-4586-AC60-F9EDDF05DB4E}.Static|ARM.ActiveCfg = Static|ARM
		{2A7AF6B9-03FD-4586-AC60-F9EDDF05DB4E}.Static|ARM.Build.0 = Static|ARM
		{2A7AF6B9-03FD-4586-AC60-F9EDDF05DB4E}.Static|ARM64.ActiveCfg = Static|ARM64
		{2A7AF6B9-03FD-4586-AC60-F9EDDF05DB4E}.Static|ARM64.Build.0 = Static|ARM64
		{2A7AF6B9-03FD-4586-AC60-F9EDDF05DB4E}.Static|x64.ActiveCfg = Static|x64
		{2A7AF6B9-03FD-4586-AC60-F9EDDF05DB4E}.Static|x64.Build.0 = Static|x64
		{2A7AF6B9-03FD-4586-AC60-F9EDDF05DB4E}.Static|x86.ActiveCfg = Static|Win32
		{2A7AF6B9-03FD-4586-AC60-F9EDDF05DB4E}.Static|x86.Build.0 = Static|Win32
		{FEC996ED-01E9-4258-862F-58BF3AEFA893}.DDynamic|ARM.ActiveCfg = DDynamic|ARM
		{FEC996ED-01E9-4258-862F-58BF3AEFA893}.DDynamic|ARM.Build.0 = DDynamic|ARM
		{FEC996ED-01E9-4258-862F-58BF3AEFA893}.DDynamic|ARM64.ActiveCfg = DDynamic|ARM64
		{FEC996ED-01E9-4258-862F-58BF3AEFA893}.DDynamic|ARM64.Build.0 = DDynamic|ARM64
		{FEC996ED-01E9-4258-862F-58BF3AEFA893}.DDynamic|x64.ActiveCfg = DDynamic|x64
		{FEC996ED-01E9-4258-862F-58BF3AEFA893}.DDynamic|x64.Build.0 = DDynamic|x64
		{FEC996ED-01E9-4258-862F-58BF3AEFA893}.DDynamic|x86.ActiveCfg = DDynamic|Win32
		{FEC996ED-01E9-4258-862F-58BF3AEFA893}.DDynamic|x86.Build.0 = DDynamic|Win32
		{FEC996ED-01E9-4258-862F-58BF3AEFA893}.DStatic|ARM.ActiveCfg = Static|ARM
		{FEC996ED-01E9-4258-862F-58BF3AEFA893}.DStatic|ARM64.ActiveCfg = Static|ARM64
		{FEC996ED-01E9-4258-862F-58BF3AEFA893}.DStatic|x64.ActiveCfg = DStatic|x64
		{FEC996ED-01E9-4258-862F-58BF3AEFA893}.DStatic|x86.ActiveCfg = DStatic|Win32
		{FEC996ED-01E9-4258-862F-58BF3AEFA893}.DStatic|x86.Build.0 = DStatic|Win32
		{FEC996ED-01E9-4258-862F-58BF3AEFA893}.Dynamic|ARM.ActiveCfg = Dynamic|ARM
		{FEC996ED-01E9-4258-862F-58BF3AEFA893}.Dynamic|ARM.Build.0 = Dynamic|ARM
		{FEC996ED-01E9-4258-862F-58BF3AEFA893}.Dynamic|ARM64.ActiveCfg = Dynamic|ARM64
		{FEC996ED-01E9-4258-862F-58BF3AEFA893}.Dynamic|ARM64.Build.0 = Dynamic|ARM64
		{FEC996ED-01E9-4258-862F-58BF3AEFA893}.Dynamic|x64.ActiveCfg = Dynamic|x64
		{FEC996ED-01E9-4258-862F-58BF3AEFA893}.Dynamic|x64.Build.0 = Dynamic|x64
		{FEC996ED-01E9-4258-862F-58BF3AEFA893}.Dynamic|x86.ActiveCfg = Dynamic|Win32
		{FEC996ED-01E9-4258-862F-58BF3AEFA893}.Dynamic|x86.Build.0 = Dynamic|Win32
		{FEC996ED-01E9-4258-862F-58BF3AEFA893}.Static|ARM.ActiveCfg = Static|ARM
		{FEC996ED-01E9-4258-862F-58BF3AEFA893}.Static|ARM.Build.0 = Static|ARM
		{FEC996ED-01E9-4258-862F-58BF3AEFA893}.Static|ARM64.ActiveCfg = Static|ARM64
		{FEC996ED-01E9-4258-862F-58BF3AEFA893}.Static|ARM64.Build.0 = Static|ARM64
		{FEC996ED-01E9-4258-862F-58BF3AEFA893}.Static|x64.ActiveCfg = Static|x64
		{FEC996ED-01E9-4258-862F-58BF3AEFA893}.Static|x64.Build.0 = Static|x64
		{FEC996ED-01E9-4258-862F-58BF3AEFA893}.Static|x86.ActiveCfg = Static|Win32
		{FEC996ED-01E9-4258-862F-58BF3AEFA893}.Static|x86.Build.0 = Static|Win32
	EndGlobalSection
	GlobalSection(SolutionProperties) = preSolution
		HideSolutionNode = FALSE
	EndGlobalSection
	GlobalSection(NestedProjects) = preSolution
		{2D2789F9-1A04-4E94-8386-E5B2C8C93354} = {474A0767-C2EC-4543-8139-F0AA7A40002F}
		{089D1C58-7669-4916-B1A2-7BBF6EA236B4} = {8709E69F-7A62-4635-BA7A-6985C7EE7024}
		{81CACACB-0A7B-4392-BAA7-B1C18B71A80C} = {1E1BC222-F62B-4335-BF98-27AD1AFB75FD}
		{2A7AF6B9-03FD-4586-AC60-F9EDDF05DB4E} = {8709E69F-7A62-4635-BA7A-6985C7EE7024}
		{FEC996ED-01E9-4258-862F-58BF3AEFA893} = {474A0767-C2EC-4543-8139-F0AA7A40002F}
	EndGlobalSection
	GlobalSection(ExtensibilityGlobals) = postSolution
		SolutionGuid = {EC2630C9-26D4-4C44-9112-5F8D7EC4568E}
	EndGlobalSection
EndGlobal
