<?xml version="1.0" encoding="utf-8"?>
<Project ToolsVersion="4.0" xmlns="http://schemas.microsoft.com/developer/msbuild/2003">
  <ItemGroup>
    <Filter Include="源文件">
      <UniqueIdentifier>{4FC737F1-C7A5-4376-A066-2A32D752A2FF}</UniqueIdentifier>
      <Extensions>cpp;c;cc;cxx;c++;cppm;ixx;def;odl;idl;hpj;bat;asm;asmx</Extensions>
    </Filter>
    <Filter Include="头文件">
      <UniqueIdentifier>{93995380-89BD-4b04-88EB-625FBE52EBFB}</UniqueIdentifier>
      <Extensions>h;hh;hpp;hxx;h++;hm;inl;inc;ipp;xsd</Extensions>
    </Filter>
    <Filter Include="资源文件">
      <UniqueIdentifier>{67DA6AB6-F800-4c08-8B7A-83BB121AAD01}</UniqueIdentifier>
      <Extensions>rc;ico;cur;bmp;dlg;rc2;rct;bin;rgs;gif;jpg;jpeg;jpe;resx;tiff;tif;png;wav;mfcribbon-ms</Extensions>
    </Filter>
    <Filter Include="源文件\Static">
      <UniqueIdentifier>{32758ddc-e38a-4fb6-9210-c19748a53663}</UniqueIdentifier>
    </Filter>
    <Filter Include="源文件\i386">
      <UniqueIdentifier>{af939022-2bb4-48b5-ae0d-2a5b592fec17}</UniqueIdentifier>
    </Filter>
    <Filter Include="源文件\ltl">
      <UniqueIdentifier>{d51362f9-6761-4c0c-9b19-2ac364b62a92}</UniqueIdentifier>
    </Filter>
  </ItemGroup>
  <ItemGroup>
    <ClInclude Include="..\Sources\crt\framework.h">
      <Filter>头文件</Filter>
    </ClInclude>
  </ItemGroup>
  <ItemGroup>
    <ClCompile Include="..\Sources\crt\vcruntime\telemetry.cpp">
      <Filter>源文件</Filter>
    </ClCompile>
    <ClCompile Include="..\Sources\crt\vcruntime\winapi_downlevel.cpp">
      <Filter>源文件</Filter>
    </ClCompile>
    <ClCompile Include="..\Sources\crt\vcruntime\winapi_thunks.cpp">
      <Filter>源文件</Filter>
    </ClCompile>
    <ClCompile Include="..\Sources\crt\vcruntime\ehhelpers.cpp">
      <Filter>源文件</Filter>
    </ClCompile>
    <ClCompile Include="..\Sources\crt\vcruntime\uncaught_exceptions.cpp">
      <Filter>源文件</Filter>
    </ClCompile>
    <ClCompile Include="..\Sources\crt\vcruntime\chandler4.cpp">
      <Filter>源文件\Static</Filter>
    </ClCompile>
    <ClCompile Include="..\Sources\crt\vcruntime\risctrnsctrl.cpp">
      <Filter>源文件</Filter>
    </ClCompile>
    <ClCompile Include="..\Sources\crt\vcruntime\frame.cpp">
      <Filter>源文件</Filter>
    </ClCompile>
    <ClCompile Include="..\Sources\crt\vcruntime\ehstate.cpp">
      <Filter>源文件</Filter>
    </ClCompile>
    <ClCompile Include="..\Sources\crt\ltl\tools.cpp">
      <Filter>源文件\ltl</Filter>
    </ClCompile>
    <ClCompile Include="..\Sources\crt\i368\trnsctrl.cpp">
      <Filter>源文件\i386</Filter>
    </ClCompile>
    <ClCompile Include="..\Sources\crt\vcruntime\std_exception.cpp">
      <Filter>源文件</Filter>
    </ClCompile>
    <ClCompile Include="..\Sources\crt\vcruntime\std_type_info.cpp">
      <Filter>源文件</Filter>
    </ClCompile>
    <ClCompile Include="..\Sources\crt\vcruntime\purevirt.cpp">
      <Filter>源文件</Filter>
    </ClCompile>
    <ClCompile Include="..\Sources\crt\vcruntime\unexpected.cpp">
      <Filter>源文件</Filter>
    </ClCompile>
    <ClCompile Include="..\Sources\crt\PTD_Downlevel.cpp">
      <Filter>源文件\ltl</Filter>
    </ClCompile>
    <ClCompile Include="..\Sources\crt\vcruntime\chandler_noexcept.cpp">
      <Filter>源文件</Filter>
    </ClCompile>
  </ItemGroup>
</Project>