<?xml version="1.0" encoding="utf-8"?>
<Project ToolsVersion="4.0" xmlns="http://schemas.microsoft.com/developer/msbuild/2003">
  <ItemGroup>
    <Filter Include="源文件">
      <UniqueIdentifier>{4FC737F1-C7A5-4376-A066-2A32D752A2FF}</UniqueIdentifier>
      <Extensions>cpp;c;cc;cxx;c++;cppm;ixx;def;odl;idl;hpj;bat;asm;asmx</Extensions>
    </Filter>
    <Filter Include="头文件">
      <UniqueIdentifier>{93995380-89BD-4b04-88EB-625FBE52EBFB}</UniqueIdentifier>
      <Extensions>h;hh;hpp;hxx;h++;hm;inl;inc;ipp;xsd</Extensions>
    </Filter>
    <Filter Include="资源文件">
      <UniqueIdentifier>{67DA6AB6-F800-4c08-8B7A-83BB121AAD01}</UniqueIdentifier>
      <Extensions>rc;ico;cur;bmp;dlg;rc2;rct;bin;rgs;gif;jpg;jpeg;jpe;resx;tiff;tif;png;wav;mfcribbon-ms</Extensions>
    </Filter>
    <Filter Include="源文件\ltl">
      <UniqueIdentifier>{26ed8074-6583-4ce2-b46a-e305b701880a}</UniqueIdentifier>
    </Filter>
    <Filter Include="源文件\objs">
      <UniqueIdentifier>{7220365b-e6fc-4204-92eb-f256dbb0de53}</UniqueIdentifier>
    </Filter>
    <Filter Include="头文件\ltl">
      <UniqueIdentifier>{49152731-d1b0-4813-880f-38d279e9ca40}</UniqueIdentifier>
    </Filter>
    <Filter Include="源文件\ltl\objs">
      <UniqueIdentifier>{b663b6c3-a002-433f-9be7-b1190c9c04dd}</UniqueIdentifier>
    </Filter>
    <Filter Include="源文件\WinXP">
      <UniqueIdentifier>{a5b41348-c594-44a5-b96b-68d7e8f03457}</UniqueIdentifier>
    </Filter>
    <Filter Include="源文件\WinXP\ltl">
      <UniqueIdentifier>{1828f684-e01a-416e-aef3-056685c406dc}</UniqueIdentifier>
    </Filter>
  </ItemGroup>
  <ItemGroup>
    <ClCompile Include="..\Sources\ucrt\string\wmemcpy_s.cpp">
      <Filter>源文件</Filter>
    </ClCompile>
    <ClCompile Include="..\Sources\ucrt\internal\report_runtime_error.cpp">
      <Filter>源文件</Filter>
    </ClCompile>
    <ClCompile Include="argv_parsing.cpp">
      <Filter>源文件\ltl</Filter>
    </ClCompile>
    <ClCompile Include="environment_initialization.cpp">
      <Filter>源文件\ltl</Filter>
    </ClCompile>
    <ClCompile Include="..\Sources\ucrt\startup\exit.cpp">
      <Filter>源文件</Filter>
    </ClCompile>
    <ClCompile Include="..\Sources\ucrt\startup\onexit.cpp">
      <Filter>源文件</Filter>
    </ClCompile>
    <ClCompile Include="..\Sources\ucrt\heap\align.cpp">
      <Filter>源文件</Filter>
    </ClCompile>
    <ClCompile Include="..\Sources\ucrt\heap\recalloc.cpp">
      <Filter>源文件</Filter>
    </ClCompile>
    <ClCompile Include="setlocal_thunks.cpp">
      <Filter>源文件\ltl</Filter>
    </ClCompile>
    <ClCompile Include="..\Sources\ucrt\misc\invalid_parameter.cpp">
      <Filter>源文件</Filter>
    </ClCompile>
    <ClCompile Include="..\Sources\ucrt\internal\initialization.cpp">
      <Filter>源文件\objs</Filter>
    </ClCompile>
    <ClCompile Include="fputwc_thunks.cpp">
      <Filter>源文件\ltl</Filter>
    </ClCompile>
    <ClCompile Include="..\Sources\ucrt\internal\shared_initialization.cpp">
      <Filter>源文件\objs</Filter>
    </ClCompile>
    <ClCompile Include="..\Sources\ucrt\internal\winapi_thunks.cpp">
      <Filter>源文件\objs</Filter>
    </ClCompile>
    <ClCompile Include="..\Sources\ucrt\startup\argv_winmain.cpp">
      <Filter>源文件</Filter>
    </ClCompile>
    <ClCompile Include="msvcrt_loadhelper.cpp">
      <Filter>源文件\ltl</Filter>
    </ClCompile>
    <ClCompile Include="_file.cpp">
      <Filter>源文件\ltl</Filter>
    </ClCompile>
    <ClCompile Include="sftbuf_thunks.cpp">
      <Filter>源文件\ltl\objs</Filter>
    </ClCompile>
    <ClCompile Include="ucrt_IAT.cpp">
      <Filter>源文件\ltl</Filter>
    </ClCompile>
    <ClCompile Include="..\Sources\ucrt\internal\locks.cpp">
      <Filter>源文件</Filter>
    </ClCompile>
    <ClCompile Include="..\Sources\ucrt\string\wmemmove_s.cpp">
      <Filter>源文件</Filter>
    </ClCompile>
    <ClCompile Include="syserr.cpp">
      <Filter>源文件\ltl</Filter>
    </ClCompile>
    <ClCompile Include="ftell.cpp">
      <Filter>源文件\ltl</Filter>
    </ClCompile>
    <ClCompile Include="..\Sources\ucrt\conio\cprintf.cpp">
      <Filter>源文件</Filter>
    </ClCompile>
    <ClCompile Include="..\Sources\ucrt\stdio\input.cpp">
      <Filter>源文件</Filter>
    </ClCompile>
    <ClCompile Include="..\Sources\ucrt\stdio\output.cpp">
      <Filter>源文件</Filter>
    </ClCompile>
    <ClCompile Include="ieee87.cpp">
      <Filter>源文件\ltl</Filter>
    </ClCompile>
    <ClCompile Include="..\Sources\ucrt\convert\_wctype.cpp">
      <Filter>源文件</Filter>
    </ClCompile>
    <ClCompile Include="wcsftime.cpp">
      <Filter>源文件\ltl</Filter>
    </ClCompile>
    <ClCompile Include="..\Sources\ucrt\stdlib\byteswap.cpp">
      <Filter>源文件</Filter>
    </ClCompile>
    <ClCompile Include="getenv.cpp">
      <Filter>源文件\ltl</Filter>
    </ClCompile>
    <ClCompile Include="findfile.cpp">
      <Filter>源文件\ltl</Filter>
    </ClCompile>
    <ClCompile Include="..\Sources\ucrt\filesystem\stat.cpp">
      <Filter>源文件</Filter>
    </ClCompile>
    <ClCompile Include="timeset.cpp">
      <Filter>源文件\ltl</Filter>
    </ClCompile>
    <ClCompile Include="terminate.cpp">
      <Filter>源文件\ltl</Filter>
    </ClCompile>
    <ClCompile Include="..\Sources\ucrt\mbstring\ismbbyte.cpp">
      <Filter>源文件</Filter>
    </ClCompile>
    <ClCompile Include="..\Sources\ucrt\misc\errno.cpp">
      <Filter>源文件</Filter>
    </ClCompile>
    <ClCompile Include="..\Sources\ucrt\stdio\printf_count_output.cpp">
      <Filter>源文件</Filter>
    </ClCompile>
    <ClCompile Include="gets.cpp">
      <Filter>源文件\ltl</Filter>
    </ClCompile>
    <ClCompile Include="..\Sources\ucrt\convert\_ctype.cpp">
      <Filter>源文件</Filter>
    </ClCompile>
    <ClCompile Include="..\Sources\ucrt\mbstring\ismbpunc.cpp">
      <Filter>源文件</Filter>
    </ClCompile>
    <ClCompile Include="..\Sources\ucrt\mbstring\mbbtype.cpp">
      <Filter>源文件</Filter>
    </ClCompile>
    <ClCompile Include="strftime.cpp">
      <Filter>源文件\ltl</Filter>
    </ClCompile>
    <ClCompile Include="abort.cpp">
      <Filter>源文件\ltl</Filter>
    </ClCompile>
    <ClCompile Include="..\Sources\ucrt\time\time.cpp">
      <Filter>源文件</Filter>
    </ClCompile>
    <ClCompile Include="fread.cpp">
      <Filter>源文件\ltl</Filter>
    </ClCompile>
    <ClCompile Include="..\Sources\ucrt\convert\c16rtomb.cpp">
      <Filter>源文件</Filter>
    </ClCompile>
    <ClCompile Include="..\Sources\ucrt\convert\c32rtomb.cpp">
      <Filter>源文件</Filter>
    </ClCompile>
    <ClCompile Include="..\Sources\ucrt\convert\strtod.cpp">
      <Filter>源文件</Filter>
    </ClCompile>
    <ClCompile Include="open.cpp">
      <Filter>源文件\ltl</Filter>
    </ClCompile>
    <ClCompile Include="..\Sources\ucrt\convert\mbrtoc16.cpp">
      <Filter>源文件</Filter>
    </ClCompile>
    <ClCompile Include="..\Sources\ucrt\convert\mbrtoc32.cpp">
      <Filter>源文件</Filter>
    </ClCompile>
    <ClCompile Include="..\Sources\ucrt\convert\wctrans.cpp">
      <Filter>源文件</Filter>
    </ClCompile>
    <ClCompile Include="..\Sources\ucrt\convert\wctype.cpp">
      <Filter>源文件</Filter>
    </ClCompile>
    <ClCompile Include="initctype.cpp">
      <Filter>源文件\ltl</Filter>
    </ClCompile>
    <ClCompile Include="localeconv.cpp">
      <Filter>源文件\ltl</Filter>
    </ClCompile>
    <ClCompile Include="..\Sources\ucrt\convert\cvt.cpp">
      <Filter>源文件\objs</Filter>
    </ClCompile>
    <ClCompile Include="..\Sources\ucrt\convert\_fptostr.cpp">
      <Filter>源文件\objs</Filter>
    </ClCompile>
    <ClCompile Include="..\Sources\ucrt\convert\cfout.cpp">
      <Filter>源文件\objs</Filter>
    </ClCompile>
    <ClCompile Include="..\Sources\ucrt\exec\getproc.cpp">
      <Filter>源文件</Filter>
    </ClCompile>
    <ClCompile Include="..\Sources\ucrt\exec\loaddll.cpp">
      <Filter>源文件</Filter>
    </ClCompile>
    <ClCompile Include="..\Sources\ucrt\startup\argv_data.cpp">
      <Filter>源文件</Filter>
    </ClCompile>
    <ClCompile Include="..\Sources\ucrt\stdio\ncommode.cpp">
      <Filter>源文件</Filter>
    </ClCompile>
    <ClCompile Include="..\Sources\ucrt\lowio\txtmode.cpp">
      <Filter>源文件</Filter>
    </ClCompile>
    <ClCompile Include="mbctype.cpp">
      <Filter>源文件\ltl</Filter>
    </ClCompile>
    <ClCompile Include="..\Sources\ucrt\misc\systime.cpp">
      <Filter>源文件</Filter>
    </ClCompile>
    <ClCompile Include="VC_LTL_Config.c">
      <Filter>源文件\ltl\objs</Filter>
    </ClCompile>
    <ClCompile Include="matherr.cpp">
      <Filter>源文件\ltl</Filter>
    </ClCompile>
    <ClCompile Include="..\Sources\ucrt\mbstring\ismbalph.cpp">
      <Filter>源文件\WinXP</Filter>
    </ClCompile>
    <ClCompile Include="..\Sources\ucrt\mbstring\ismbdgt.cpp">
      <Filter>源文件\WinXP</Filter>
    </ClCompile>
    <ClCompile Include="..\Sources\ucrt\mbstring\ismbgrph.cpp">
      <Filter>源文件\WinXP</Filter>
    </ClCompile>
    <ClCompile Include="..\Sources\ucrt\mbstring\ismbknj.cpp">
      <Filter>源文件\WinXP</Filter>
    </ClCompile>
    <ClCompile Include="..\Sources\ucrt\mbstring\mbclevel.cpp">
      <Filter>源文件\WinXP</Filter>
    </ClCompile>
    <ClCompile Include="..\Sources\ucrt\mbstring\ismblgl.cpp">
      <Filter>源文件\WinXP</Filter>
    </ClCompile>
    <ClCompile Include="..\Sources\ucrt\mbstring\ismblwr.cpp">
      <Filter>源文件\WinXP</Filter>
    </ClCompile>
    <ClCompile Include="..\Sources\ucrt\mbstring\ismbprn.cpp">
      <Filter>源文件\WinXP</Filter>
    </ClCompile>
    <ClCompile Include="..\Sources\ucrt\mbstring\ismbspc.cpp">
      <Filter>源文件\WinXP</Filter>
    </ClCompile>
    <ClCompile Include="..\Sources\ucrt\mbstring\ismbupr.cpp">
      <Filter>源文件\WinXP</Filter>
    </ClCompile>
    <ClCompile Include="..\Sources\ucrt\mbstring\ismbsle.cpp">
      <Filter>源文件\WinXP</Filter>
    </ClCompile>
    <ClCompile Include="..\Sources\ucrt\convert\ismbstr.cpp">
      <Filter>源文件\WinXP</Filter>
    </ClCompile>
    <ClCompile Include="..\Sources\ucrt\stdlib\lfind_s.cpp">
      <Filter>源文件\WinXP</Filter>
    </ClCompile>
    <ClCompile Include="localtime.cpp">
      <Filter>源文件\WinXP\ltl</Filter>
    </ClCompile>
    <ClCompile Include="..\Sources\ucrt\stdlib\lsearch_s.cpp">
      <Filter>源文件\WinXP</Filter>
    </ClCompile>
    <ClCompile Include="..\Sources\ucrt\filesystem\makepath.cpp">
      <Filter>源文件\WinXP</Filter>
    </ClCompile>
    <ClCompile Include="..\Sources\ucrt\mbstring\tombbmbc.cpp">
      <Filter>源文件\WinXP</Filter>
    </ClCompile>
    <ClCompile Include="..\Sources\ucrt\mbstring\mbccpy.cpp">
      <Filter>源文件\WinXP</Filter>
    </ClCompile>
    <ClCompile Include="..\Sources\ucrt\mbstring\mbccpy_s.cpp">
      <Filter>源文件\WinXP</Filter>
    </ClCompile>
    <ClCompile Include="..\Sources\ucrt\mbstring\mbccpy_s_l.cpp">
      <Filter>源文件\WinXP</Filter>
    </ClCompile>
    <ClCompile Include="..\Sources\ucrt\mbstring\tojisjms.cpp">
      <Filter>源文件\WinXP</Filter>
    </ClCompile>
    <ClCompile Include="..\Sources\ucrt\mbstring\mbclen.cpp">
      <Filter>源文件\WinXP</Filter>
    </ClCompile>
    <ClCompile Include="..\Sources\ucrt\mbstring\mbtohira.cpp">
      <Filter>源文件\WinXP</Filter>
    </ClCompile>
    <ClCompile Include="..\Sources\ucrt\mbstring\mbtokata.cpp">
      <Filter>源文件\WinXP</Filter>
    </ClCompile>
    <ClCompile Include="..\Sources\ucrt\mbstring\mbtolwr.cpp">
      <Filter>源文件\WinXP</Filter>
    </ClCompile>
    <ClCompile Include="..\Sources\ucrt\mbstring\mbtoupr.cpp">
      <Filter>源文件\WinXP</Filter>
    </ClCompile>
    <ClCompile Include="..\Sources\ucrt\convert\mblen.cpp">
      <Filter>源文件\WinXP</Filter>
    </ClCompile>
    <ClCompile Include="..\Sources\ucrt\mbstring\mbsbtype.cpp">
      <Filter>源文件\WinXP</Filter>
    </ClCompile>
    <ClCompile Include="..\Sources\ucrt\mbstring\mbscat_s.cpp">
      <Filter>源文件\WinXP</Filter>
    </ClCompile>
    <ClCompile Include="..\Sources\ucrt\mbstring\mbscat_s_l.cpp">
      <Filter>源文件\WinXP</Filter>
    </ClCompile>
    <ClCompile Include="..\Sources\ucrt\mbstring\mbschr.cpp">
      <Filter>源文件\WinXP</Filter>
    </ClCompile>
    <ClCompile Include="..\Sources\ucrt\mbstring\mbscmp.cpp">
      <Filter>源文件\WinXP</Filter>
    </ClCompile>
    <ClCompile Include="..\Sources\ucrt\mbstring\mbscoll.cpp">
      <Filter>源文件\WinXP</Filter>
    </ClCompile>
    <ClCompile Include="..\Sources\ucrt\mbstring\mbscpy_s.cpp">
      <Filter>源文件\WinXP</Filter>
    </ClCompile>
    <ClCompile Include="..\Sources\ucrt\mbstring\mbscpy_s_l.cpp">
      <Filter>源文件\WinXP</Filter>
    </ClCompile>
    <ClCompile Include="..\Sources\ucrt\mbstring\mbscspn.cpp">
      <Filter>源文件\WinXP</Filter>
    </ClCompile>
    <ClCompile Include="..\Sources\ucrt\mbstring\mbsdec.cpp">
      <Filter>源文件\WinXP</Filter>
    </ClCompile>
    <ClCompile Include="..\Sources\ucrt\mbstring\mbsicmp.cpp">
      <Filter>源文件\WinXP</Filter>
    </ClCompile>
    <ClCompile Include="..\Sources\ucrt\mbstring\mbsicoll.cpp">
      <Filter>源文件\WinXP</Filter>
    </ClCompile>
    <ClCompile Include="..\Sources\ucrt\mbstring\mbsinc.cpp">
      <Filter>源文件\WinXP</Filter>
    </ClCompile>
    <ClCompile Include="..\Sources\ucrt\mbstring\mbslen.cpp">
      <Filter>源文件\WinXP</Filter>
    </ClCompile>
    <ClCompile Include="..\Sources\ucrt\mbstring\mbslen_s.cpp">
      <Filter>源文件\WinXP</Filter>
    </ClCompile>
    <ClCompile Include="..\Sources\ucrt\mbstring\mbslwr.cpp">
      <Filter>源文件\WinXP</Filter>
    </ClCompile>
    <ClCompile Include="..\Sources\ucrt\mbstring\mbsnbcat.cpp">
      <Filter>源文件\WinXP</Filter>
    </ClCompile>
    <ClCompile Include="..\Sources\ucrt\mbstring\mbsnbcat_s.cpp">
      <Filter>源文件\WinXP</Filter>
    </ClCompile>
    <ClCompile Include="..\Sources\ucrt\mbstring\mbsnbcat_s_l.cpp">
      <Filter>源文件\WinXP</Filter>
    </ClCompile>
    <ClCompile Include="..\Sources\ucrt\mbstring\mbsnbcmp.cpp">
      <Filter>源文件\WinXP</Filter>
    </ClCompile>
    <ClCompile Include="..\Sources\ucrt\mbstring\mbsnbcnt.cpp">
      <Filter>源文件\WinXP</Filter>
    </ClCompile>
    <ClCompile Include="..\Sources\ucrt\mbstring\mbsnbcol.cpp">
      <Filter>源文件\WinXP</Filter>
    </ClCompile>
    <ClCompile Include="..\Sources\ucrt\mbstring\mbsnbcpy.cpp">
      <Filter>源文件\WinXP</Filter>
    </ClCompile>
    <ClCompile Include="..\Sources\ucrt\mbstring\mbsnbcpy_s.cpp">
      <Filter>源文件\WinXP</Filter>
    </ClCompile>
    <ClCompile Include="..\Sources\ucrt\mbstring\mbsnbcpy_s_l.cpp">
      <Filter>源文件\WinXP</Filter>
    </ClCompile>
    <ClCompile Include="..\Sources\ucrt\mbstring\mbsnbicm.cpp">
      <Filter>源文件\WinXP</Filter>
    </ClCompile>
    <ClCompile Include="..\Sources\ucrt\mbstring\mbsnbico.cpp">
      <Filter>源文件\WinXP</Filter>
    </ClCompile>
    <ClCompile Include="..\Sources\ucrt\mbstring\mbsnbset.cpp">
      <Filter>源文件\WinXP</Filter>
    </ClCompile>
    <ClCompile Include="..\Sources\ucrt\mbstring\mbsnbset_s.cpp">
      <Filter>源文件\WinXP</Filter>
    </ClCompile>
    <ClCompile Include="..\Sources\ucrt\mbstring\mbsnbset_s_l.cpp">
      <Filter>源文件\WinXP</Filter>
    </ClCompile>
    <ClCompile Include="..\Sources\ucrt\mbstring\mbsncat.cpp">
      <Filter>源文件\WinXP</Filter>
    </ClCompile>
    <ClCompile Include="..\Sources\ucrt\mbstring\mbsncat_s.cpp">
      <Filter>源文件\WinXP</Filter>
    </ClCompile>
    <ClCompile Include="..\Sources\ucrt\mbstring\mbsncat_s_l.cpp">
      <Filter>源文件\WinXP</Filter>
    </ClCompile>
    <ClCompile Include="..\Sources\ucrt\mbstring\mbsnccnt.cpp">
      <Filter>源文件\WinXP</Filter>
    </ClCompile>
    <ClCompile Include="..\Sources\ucrt\mbstring\mbsncmp.cpp">
      <Filter>源文件\WinXP</Filter>
    </ClCompile>
    <ClCompile Include="..\Sources\ucrt\mbstring\mbsncoll.cpp">
      <Filter>源文件\WinXP</Filter>
    </ClCompile>
    <ClCompile Include="..\Sources\ucrt\mbstring\mbsncpy.cpp">
      <Filter>源文件\WinXP</Filter>
    </ClCompile>
    <ClCompile Include="..\Sources\ucrt\mbstring\mbsncpy_s.cpp">
      <Filter>源文件\WinXP</Filter>
    </ClCompile>
    <ClCompile Include="..\Sources\ucrt\mbstring\mbsncpy_s_l.cpp">
      <Filter>源文件\WinXP</Filter>
    </ClCompile>
    <ClCompile Include="..\Sources\ucrt\mbstring\mbsnextc.cpp">
      <Filter>源文件\WinXP</Filter>
    </ClCompile>
    <ClCompile Include="..\Sources\ucrt\mbstring\mbsnicmp.cpp">
      <Filter>源文件\WinXP</Filter>
    </ClCompile>
    <ClCompile Include="..\Sources\ucrt\mbstring\mbsnicol.cpp">
      <Filter>源文件\WinXP</Filter>
    </ClCompile>
    <ClCompile Include="..\Sources\ucrt\mbstring\mbsninc.cpp">
      <Filter>源文件\WinXP</Filter>
    </ClCompile>
    <ClCompile Include="..\Sources\ucrt\mbstring\mbsnset.cpp">
      <Filter>源文件\WinXP</Filter>
    </ClCompile>
    <ClCompile Include="..\Sources\ucrt\mbstring\mbsnset_s.cpp">
      <Filter>源文件\WinXP</Filter>
    </ClCompile>
    <ClCompile Include="..\Sources\ucrt\mbstring\mbsnset_s_l.cpp">
      <Filter>源文件\WinXP</Filter>
    </ClCompile>
    <ClCompile Include="..\Sources\ucrt\mbstring\mbspbrk.cpp">
      <Filter>源文件\WinXP</Filter>
    </ClCompile>
    <ClCompile Include="..\Sources\ucrt\mbstring\mbsrchr.cpp">
      <Filter>源文件\WinXP</Filter>
    </ClCompile>
    <ClCompile Include="..\Sources\ucrt\mbstring\mbsrev.cpp">
      <Filter>源文件\WinXP</Filter>
    </ClCompile>
    <ClCompile Include="..\Sources\ucrt\mbstring\mbsset.cpp">
      <Filter>源文件\WinXP</Filter>
    </ClCompile>
    <ClCompile Include="..\Sources\ucrt\mbstring\mbsset_s.cpp">
      <Filter>源文件\WinXP</Filter>
    </ClCompile>
    <ClCompile Include="..\Sources\ucrt\mbstring\mbsset_s_l.cpp">
      <Filter>源文件\WinXP</Filter>
    </ClCompile>
    <ClCompile Include="..\Sources\ucrt\mbstring\mbsspn.cpp">
      <Filter>源文件\WinXP</Filter>
    </ClCompile>
    <ClCompile Include="..\Sources\ucrt\mbstring\mbsspnp.cpp">
      <Filter>源文件\WinXP</Filter>
    </ClCompile>
    <ClCompile Include="..\Sources\ucrt\mbstring\mbsstr.cpp">
      <Filter>源文件\WinXP</Filter>
    </ClCompile>
    <ClCompile Include="..\Sources\ucrt\mbstring\mbstok.cpp">
      <Filter>源文件\WinXP</Filter>
    </ClCompile>
    <ClCompile Include="..\Sources\ucrt\mbstring\mbstok_s.cpp">
      <Filter>源文件\WinXP</Filter>
    </ClCompile>
    <ClCompile Include="..\Sources\ucrt\convert\mbstowcs.cpp">
      <Filter>源文件\WinXP</Filter>
    </ClCompile>
    <ClCompile Include="..\Sources\ucrt\mbstring\mbsupr.cpp">
      <Filter>源文件\WinXP</Filter>
    </ClCompile>
    <ClCompile Include="..\Sources\ucrt\string\memcpy_s.cpp">
      <Filter>源文件\WinXP</Filter>
    </ClCompile>
    <ClCompile Include="..\Sources\ucrt\string\memicmp.cpp">
      <Filter>源文件\WinXP</Filter>
    </ClCompile>
    <ClCompile Include="..\Sources\ucrt\string\strcat_s.cpp">
      <Filter>源文件\WinXP</Filter>
    </ClCompile>
    <ClCompile Include="..\Sources\ucrt\string\strcoll.cpp">
      <Filter>源文件\WinXP</Filter>
    </ClCompile>
    <ClCompile Include="..\Sources\ucrt\string\strcpy_s.cpp">
      <Filter>源文件\WinXP</Filter>
    </ClCompile>
    <ClCompile Include="..\Sources\ucrt\string\stricmp.cpp">
      <Filter>源文件\WinXP</Filter>
    </ClCompile>
    <ClCompile Include="..\Sources\ucrt\string\stricoll.cpp">
      <Filter>源文件\WinXP</Filter>
    </ClCompile>
    <ClCompile Include="..\Sources\ucrt\string\strlwr.cpp">
      <Filter>源文件\WinXP</Filter>
    </ClCompile>
    <ClCompile Include="..\Sources\ucrt\string\strncat_s.cpp">
      <Filter>源文件\WinXP</Filter>
    </ClCompile>
    <ClCompile Include="..\Sources\ucrt\string\strncoll.cpp">
      <Filter>源文件\WinXP</Filter>
    </ClCompile>
    <ClCompile Include="..\Sources\ucrt\string\strncpy_s.cpp">
      <Filter>源文件\WinXP</Filter>
    </ClCompile>
    <ClCompile Include="..\Sources\ucrt\string\strnicmp.cpp">
      <Filter>源文件\WinXP</Filter>
    </ClCompile>
    <ClCompile Include="..\Sources\ucrt\string\strnicol.cpp">
      <Filter>源文件\WinXP</Filter>
    </ClCompile>
    <ClCompile Include="..\Sources\ucrt\string\strnlen.cpp">
      <Filter>源文件\WinXP</Filter>
    </ClCompile>
    <ClCompile Include="..\Sources\ucrt\string\strnset_s.cpp">
      <Filter>源文件\WinXP</Filter>
    </ClCompile>
    <ClCompile Include="..\Sources\ucrt\string\strset_s.cpp">
      <Filter>源文件\WinXP</Filter>
    </ClCompile>
    <ClCompile Include="..\Sources\ucrt\string\strtok_s.cpp">
      <Filter>源文件\WinXP</Filter>
    </ClCompile>
    <ClCompile Include="..\Sources\ucrt\string\strupr.cpp">
      <Filter>源文件\WinXP</Filter>
    </ClCompile>
    <ClCompile Include="..\Sources\ucrt\string\strxfrm.cpp">
      <Filter>源文件\WinXP</Filter>
    </ClCompile>
    <ClCompile Include="..\Sources\ucrt\string\wcscat_s.cpp">
      <Filter>源文件\WinXP</Filter>
    </ClCompile>
    <ClCompile Include="..\Sources\ucrt\string\wcscoll.cpp">
      <Filter>源文件\WinXP</Filter>
    </ClCompile>
    <ClCompile Include="..\Sources\ucrt\string\wcscpy_s.cpp">
      <Filter>源文件\WinXP</Filter>
    </ClCompile>
    <ClCompile Include="..\Sources\ucrt\string\wcsicmp.cpp">
      <Filter>源文件\WinXP</Filter>
    </ClCompile>
    <ClCompile Include="..\Sources\ucrt\string\wcsicoll.cpp">
      <Filter>源文件\WinXP</Filter>
    </ClCompile>
    <ClCompile Include="..\Sources\ucrt\string\wcslwr.cpp">
      <Filter>源文件\WinXP</Filter>
    </ClCompile>
    <ClCompile Include="..\Sources\ucrt\string\wcsncat_s.cpp">
      <Filter>源文件\WinXP</Filter>
    </ClCompile>
    <ClCompile Include="..\Sources\ucrt\string\wcsnicmp.cpp">
      <Filter>源文件\WinXP</Filter>
    </ClCompile>
    <ClCompile Include="..\Sources\ucrt\string\wcsnicol.cpp">
      <Filter>源文件\WinXP</Filter>
    </ClCompile>
    <ClCompile Include="..\Sources\ucrt\string\wcsnset_s.cpp">
      <Filter>源文件\WinXP</Filter>
    </ClCompile>
    <ClCompile Include="..\Sources\ucrt\string\wcsset_s.cpp">
      <Filter>源文件\WinXP</Filter>
    </ClCompile>
    <ClCompile Include="..\Sources\ucrt\string\wcstok_s.cpp">
      <Filter>源文件\WinXP</Filter>
    </ClCompile>
    <ClCompile Include="..\Sources\ucrt\string\wcsupr.cpp">
      <Filter>源文件\WinXP</Filter>
    </ClCompile>
    <ClCompile Include="..\Sources\ucrt\string\wcsxfrm.cpp">
      <Filter>源文件\WinXP</Filter>
    </ClCompile>
    <ClCompile Include="..\Sources\ucrt\stdlib\qsort_s.cpp">
      <Filter>源文件\WinXP</Filter>
    </ClCompile>
    <ClCompile Include="..\Sources\ucrt\stdlib\rotl.cpp">
      <Filter>源文件\WinXP</Filter>
    </ClCompile>
    <ClCompile Include="..\Sources\ucrt\stdlib\rotr.cpp">
      <Filter>源文件\WinXP</Filter>
    </ClCompile>
    <ClCompile Include="..\Sources\ucrt\convert\tolower_toupper.cpp">
      <Filter>源文件\WinXP</Filter>
    </ClCompile>
    <ClCompile Include="..\Sources\ucrt\convert\towlower.cpp">
      <Filter>源文件\WinXP</Filter>
    </ClCompile>
    <ClCompile Include="..\Sources\ucrt\convert\towupper.cpp">
      <Filter>源文件\WinXP</Filter>
    </ClCompile>
    <ClCompile Include="..\Sources\ucrt\convert\wcrtomb.cpp">
      <Filter>源文件\WinXP</Filter>
    </ClCompile>
    <ClCompile Include="..\Sources\ucrt\convert\wcstombs.cpp">
      <Filter>源文件\WinXP</Filter>
    </ClCompile>
    <ClCompile Include="..\Sources\ucrt\convert\_mbslen.cpp">
      <Filter>源文件\WinXP</Filter>
    </ClCompile>
    <ClCompile Include="..\Sources\ucrt\convert\mbtowc.cpp">
      <Filter>源文件\WinXP</Filter>
    </ClCompile>
    <ClCompile Include="mktime.cpp">
      <Filter>源文件\WinXP\ltl</Filter>
    </ClCompile>
    <ClCompile Include="mktemp.cpp">
      <Filter>源文件\WinXP\ltl</Filter>
    </ClCompile>
    <ClCompile Include="putenv.cpp">
      <Filter>源文件\WinXP\ltl</Filter>
    </ClCompile>
    <ClCompile Include="searchenv.cpp">
      <Filter>源文件\WinXP\ltl</Filter>
    </ClCompile>
    <ClCompile Include="splitpath.cpp">
      <Filter>源文件\WinXP\ltl</Filter>
    </ClCompile>
    <ClCompile Include="strdate.cpp">
      <Filter>源文件\WinXP\ltl</Filter>
    </ClCompile>
    <ClCompile Include="_strerr.cpp">
      <Filter>源文件\WinXP\ltl</Filter>
    </ClCompile>
    <ClCompile Include="gmtime.cpp">
      <Filter>源文件\WinXP\ltl</Filter>
    </ClCompile>
    <ClCompile Include="fseek.cpp">
      <Filter>源文件\WinXP\ltl</Filter>
    </ClCompile>
    <ClCompile Include="fcvt.cpp">
      <Filter>源文件\WinXP\ltl</Filter>
    </ClCompile>
    <ClCompile Include="access.cpp">
      <Filter>源文件\WinXP\ltl</Filter>
    </ClCompile>
    <ClCompile Include="cgets.cpp">
      <Filter>源文件\WinXP\ltl</Filter>
    </ClCompile>
    <ClCompile Include="cgetws.cpp">
      <Filter>源文件\WinXP\ltl</Filter>
    </ClCompile>
    <ClCompile Include="chsize.cpp">
      <Filter>源文件\WinXP\ltl</Filter>
    </ClCompile>
    <ClCompile Include="contrlfp.cpp">
      <Filter>源文件\WinXP\ltl</Filter>
    </ClCompile>
    <ClCompile Include="ctime.cpp">
      <Filter>源文件\WinXP\ltl</Filter>
    </ClCompile>
    <ClCompile Include="ctype.cpp">
      <Filter>源文件\WinXP\ltl</Filter>
    </ClCompile>
    <ClCompile Include="ftime.cpp">
      <Filter>源文件\WinXP\ltl</Filter>
    </ClCompile>
    <ClCompile Include="gcvt.cpp">
      <Filter>源文件\WinXP\ltl</Filter>
    </ClCompile>
    <ClCompile Include="xtoa.cpp">
      <Filter>源文件\WinXP\ltl</Filter>
    </ClCompile>
    <ClCompile Include="strtime.cpp">
      <Filter>源文件\WinXP\ltl</Filter>
    </ClCompile>
    <ClCompile Include="..\Sources\ucrt\convert\strtox.cpp">
      <Filter>源文件\WinXP</Filter>
    </ClCompile>
    <ClCompile Include="umask.cpp">
      <Filter>源文件\WinXP\ltl</Filter>
    </ClCompile>
    <ClCompile Include="asctime.cpp">
      <Filter>源文件\WinXP\ltl</Filter>
    </ClCompile>
    <ClCompile Include="assert.cpp">
      <Filter>源文件\WinXP\ltl</Filter>
    </ClCompile>
    <ClCompile Include="..\Sources\ucrt\misc\strerror.cpp">
      <Filter>源文件\WinXP</Filter>
    </ClCompile>
    <ClCompile Include="..\Sources\ucrt\string\wcsncoll.cpp">
      <Filter>源文件\WinXP</Filter>
    </ClCompile>
    <ClCompile Include="..\Sources\ucrt\string\wcsncpy_s.cpp">
      <Filter>源文件\WinXP</Filter>
    </ClCompile>
    <ClCompile Include="..\Sources\ucrt\convert\wctomb.cpp">
      <Filter>源文件\WinXP</Filter>
    </ClCompile>
    <ClCompile Include="fopen.cpp">
      <Filter>源文件\WinXP\ltl</Filter>
    </ClCompile>
    <ClCompile Include="freopen.cpp">
      <Filter>源文件\WinXP\ltl</Filter>
    </ClCompile>
    <ClCompile Include="tmpfile.cpp">
      <Filter>源文件\WinXP\ltl</Filter>
    </ClCompile>
    <ClCompile Include="..\Sources\ucrt\stdlib\bsearch_s.cpp">
      <Filter>源文件\WinXP</Filter>
    </ClCompile>
    <ClCompile Include="..\Sources\ucrt\stdlib\abs.cpp">
      <Filter>源文件\WinXP</Filter>
    </ClCompile>
    <ClCompile Include="..\Sources\ucrt\convert\atof.cpp">
      <Filter>源文件\WinXP</Filter>
    </ClCompile>
    <ClCompile Include="..\Sources\ucrt\convert\atoldbl.cpp">
      <Filter>源文件\WinXP</Filter>
    </ClCompile>
    <ClCompile Include="..\Sources\ucrt\convert\atox.cpp">
      <Filter>源文件\WinXP</Filter>
    </ClCompile>
    <ClCompile Include="..\Sources\ucrt\time\difftime.cpp">
      <Filter>源文件\WinXP</Filter>
    </ClCompile>
    <ClCompile Include="..\Sources\ucrt\startup\initterm.cpp">
      <Filter>源文件\WinXP</Filter>
    </ClCompile>
    <ClCompile Include="..\Sources\ucrt\mbstring\ismbalnm.cpp">
      <Filter>源文件\WinXP</Filter>
    </ClCompile>
    <ClCompile Include="..\Sources\ucrt\lowio\setmode.cpp">
      <Filter>源文件\WinXP</Filter>
    </ClCompile>
    <ClCompile Include="..\Sources\ucrt\string\strncnt.cpp">
      <Filter>源文件\WinXP</Filter>
    </ClCompile>
    <ClCompile Include="..\Sources\ucrt\string\wcsncnt.cpp">
      <Filter>源文件\WinXP</Filter>
    </ClCompile>
    <ClCompile Include="..\Sources\ucrt\convert\mbrtowc.cpp">
      <Filter>源文件\WinXP</Filter>
    </ClCompile>
    <ClCompile Include="clearerr.cpp">
      <Filter>源文件\WinXP\ltl</Filter>
    </ClCompile>
    <ClCompile Include="exception_filter.cpp">
      <Filter>源文件\WinXP\ltl</Filter>
    </ClCompile>
    <ClCompile Include="..\Sources\ucrt\stdlib\rand_s.cpp">
      <Filter>源文件\WinXP</Filter>
    </ClCompile>
    <ClCompile Include="..\Sources\crt\ptd_downlevel.cpp">
      <Filter>头文件\ltl</Filter>
    </ClCompile>
    <ClCompile Include="..\Sources\ucrt\locale\GetStringTypeA.cpp">
      <Filter>源文件\objs</Filter>
    </ClCompile>
    <ClCompile Include="..\Sources\ucrt\stdlib\llabs.cpp">
      <Filter>源文件\WinXP</Filter>
    </ClCompile>
    <ClCompile Include="..\Sources\ucrt\stdlib\imaxabs.cpp">
      <Filter>源文件\WinXP</Filter>
    </ClCompile>
    <ClCompile Include="..\Sources\ltl\debug_heap.cpp">
      <Filter>源文件\ltl</Filter>
    </ClCompile>
    <ClCompile Include="..\Sources\ucrt\convert\isctype.cpp">
      <Filter>源文件</Filter>
    </ClCompile>
    <ClCompile Include="..\Sources\ucrt\locale\CompareStringA.cpp">
      <Filter>源文件\objs</Filter>
    </ClCompile>
    <ClCompile Include="..\Sources\ucrt\locale\CompareStringW.cpp">
      <Filter>源文件\objs</Filter>
    </ClCompile>
    <ClCompile Include="..\Sources\ucrt\locale\LCMapStringA.cpp">
      <Filter>源文件\objs</Filter>
    </ClCompile>
    <ClCompile Include="..\Sources\ucrt\locale\LCMapStringW.cpp">
      <Filter>源文件\objs</Filter>
    </ClCompile>
    <ClCompile Include="..\Sources\ltl\dbgrpt.cpp">
      <Filter>源文件\ltl</Filter>
    </ClCompile>
    <ClCompile Include="..\Sources\ltl\dbgrptt.cpp">
      <Filter>源文件\ltl</Filter>
    </ClCompile>
    <ClCompile Include="..\Sources\ltl\debug_fill_threshold.cpp">
      <Filter>源文件\ltl</Filter>
    </ClCompile>
  </ItemGroup>
  <ItemGroup>
    <ClInclude Include="msvcrt_loadhelper.h">
      <Filter>头文件\ltl</Filter>
    </ClInclude>
    <ClInclude Include="msvcrt_build_type.h">
      <Filter>头文件\ltl</Filter>
    </ClInclude>
  </ItemGroup>
</Project>